
Microsoft Visual Studio Solution File, Format Version 12.00
# Visual Studio Version 17
VisualStudioVersion = 17.8.34330.188
MinimumVisualStudioVersion = 10.0.40219.1
Project("{9A19103F-16F7-4668-BE54-9A1E7A4F7556}") = "dotnet-rpg", "dotnet-rpg.csproj", "{414FD2D3-54EF-405F-BB62-1F31EF2E6B2E}"
EndProject
Global
	GlobalSection(SolutionConfigurationPlatforms) = preSolution
		Debug|Any CPU = Debug|Any CPU
		Release|Any CPU = Release|Any CPU
	EndGlobalSection
	GlobalSection(ProjectConfigurationPlatforms) = postSolution
		{414FD2D3-54EF-405F-BB62-1F31EF2E6B2E}.Debug|Any CPU.ActiveCfg = Debug|Any CPU
		{414FD2D3-54EF-405F-BB62-1F31EF2E6B2E}.Debug|Any CPU.Build.0 = Debug|Any CPU
		{414FD2D3-54EF-405F-BB62-1F31EF2E6B2E}.Release|Any CPU.ActiveCfg = Release|Any CPU
		{414FD2D3-54EF-405F-BB62-1F31EF2E6B2E}.Release|Any CPU.Build.0 = Release|Any CPU
	EndGlobalSection
	GlobalSection(SolutionProperties) = preSolution
		HideSolutionNode = FALSE
	EndGlobalSection
	GlobalSection(ExtensibilityGlobals) = postSolution
		SolutionGuid = {4A09C9AA-32FB-4517-8CE1-B6C5EE013166}
	EndGlobalSection
EndGlobal
